
Microsoft Visual Studio Solution File, Format Version 12.00
# Visual Studio 14
VisualStudioVersion = 14.0.25420.1
MinimumVisualStudioVersion = 10.0.40219.1
Project("{FAE04EC0-301F-11D3-BF4B-00C04F79EFBC}") = "Composite", "Composite\Composite.csproj", "{FF52D66F-156E-4561-85CD-FF8A084414FF}"
EndProject
Project("{FAE04EC0-301F-11D3-BF4B-00C04F79EFBC}") = "CompositeDemo", "CompositeDemo\CompositeDemo.csproj", "{433E1642-F262-4835-A280-34B529DB59AA}"
EndProject
Global
	GlobalSection(SolutionConfigurationPlatforms) = preSolution
		Debug|Any CPU = Debug|Any CPU
		Release|Any CPU = Release|Any CPU
	EndGlobalSection
	GlobalSection(ProjectConfigurationPlatforms) = postSolution
		{FF52D66F-156E-4561-85CD-FF8A084414FF}.Debug|Any CPU.ActiveCfg = Debug|Any CPU
		{FF52D66F-156E-4561-85CD-FF8A084414FF}.Debug|Any CPU.Build.0 = Debug|Any CPU
		{FF52D66F-156E-4561-85CD-FF8A084414FF}.Release|Any CPU.ActiveCfg = Release|Any CPU
		{FF52D66F-156E-4561-85CD-FF8A084414FF}.Release|Any CPU.Build.0 = Release|Any CPU
		{433E1642-F262-4835-A280-34B529DB59AA}.Debug|Any CPU.ActiveCfg = Debug|Any CPU
		{433E1642-F262-4835-A280-34B529DB59AA}.Debug|Any CPU.Build.0 = Debug|Any CPU
		{433E1642-F262-4835-A280-34B529DB59AA}.Release|Any CPU.ActiveCfg = Release|Any CPU
		{433E1642-F262-4835-A280-34B529DB59AA}.Release|Any CPU.Build.0 = Release|Any CPU
	EndGlobalSection
	GlobalSection(SolutionProperties) = preSolution
		HideSolutionNode = FALSE
	EndGlobalSection
EndGlobal
